// !$*UTF8*$!
{
	archiveVersion = 1;
	classes = {
	};
	objectVersion = 50;
	objects = {

/* Begin PBXBuildFile section */
		3128F46B23EBF6E900C0A42A /* FriendListCell.swift in Sources */ = {isa = PBXBuildFile; fileRef = 3128F46A23EBF6E900C0A42A /* FriendListCell.swift */; };
		3128F46D23EC3E9000C0A42A /* MapSearchModel.swift in Sources */ = {isa = PBXBuildFile; fileRef = 3128F46C23EC3E9000C0A42A /* MapSearchModel.swift */; };
		3128F46F23EC5DF100C0A42A /* SearchMapCell.swift in Sources */ = {isa = PBXBuildFile; fileRef = 3128F46E23EC5DF100C0A42A /* SearchMapCell.swift */; };
		3128F47223EC720900C0A42A /* AnnotationInfoView.swift in Sources */ = {isa = PBXBuildFile; fileRef = 3128F47123EC720900C0A42A /* AnnotationInfoView.swift */; };
		3128F47423EC799D00C0A42A /* CustomAnnotationView.swift in Sources */ = {isa = PBXBuildFile; fileRef = 3128F47323EC799D00C0A42A /* CustomAnnotationView.swift */; };
		3172300B23E84765003DBE32 /* GetTogetherListViewController.swift in Sources */ = {isa = PBXBuildFile; fileRef = 3172300A23E84765003DBE32 /* GetTogetherListViewController.swift */; };
		3172300F23E9C66B003DBE32 /* Notification.swift in Sources */ = {isa = PBXBuildFile; fileRef = 3172300E23E9C66B003DBE32 /* Notification.swift */; };
		3172301323EA6B75003DBE32 /* LoginModel.swift in Sources */ = {isa = PBXBuildFile; fileRef = 3172301223EA6B75003DBE32 /* LoginModel.swift */; };
		3172301623EA7B94003DBE32 /* CustomTabBarControllerViewController.swift in Sources */ = {isa = PBXBuildFile; fileRef = 3172301523EA7B94003DBE32 /* CustomTabBarControllerViewController.swift */; };
		3172301823EA7C16003DBE32 /* MainViewController.swift in Sources */ = {isa = PBXBuildFile; fileRef = 3172301723EA7C16003DBE32 /* MainViewController.swift */; };
		3172301A23EA7C28003DBE32 /* MainModel.swift in Sources */ = {isa = PBXBuildFile; fileRef = 3172301923EA7C28003DBE32 /* MainModel.swift */; };
		3172301C23EA7C3C003DBE32 /* MainView.swift in Sources */ = {isa = PBXBuildFile; fileRef = 3172301B23EA7C3C003DBE32 /* MainView.swift */; };
		3172301E23EA7C58003DBE32 /* FriendListViewController.swift in Sources */ = {isa = PBXBuildFile; fileRef = 3172301D23EA7C58003DBE32 /* FriendListViewController.swift */; };
		3172302023EA7C78003DBE32 /* FriendListModel.swift in Sources */ = {isa = PBXBuildFile; fileRef = 3172301F23EA7C78003DBE32 /* FriendListModel.swift */; };
		3172302223EA7CA8003DBE32 /* FriendListView.swift in Sources */ = {isa = PBXBuildFile; fileRef = 3172302123EA7CA8003DBE32 /* FriendListView.swift */; };
		3172302423EA94B3003DBE32 /* SetUpModel.swift in Sources */ = {isa = PBXBuildFile; fileRef = 3172302323EA94B3003DBE32 /* SetUpModel.swift */; };
		3172302623EA94EE003DBE32 /* SetUpViewController.swift in Sources */ = {isa = PBXBuildFile; fileRef = 3172302523EA94EE003DBE32 /* SetUpViewController.swift */; };
		3172302823EA9502003DBE32 /* SetupView.swift in Sources */ = {isa = PBXBuildFile; fileRef = 3172302723EA9502003DBE32 /* SetupView.swift */; };
		318000C223EC9D6C00F6602E /* GetTogetherDetailViewController.swift in Sources */ = {isa = PBXBuildFile; fileRef = 318000C123EC9D6C00F6602E /* GetTogetherDetailViewController.swift */; };
		31B5246C23E7C94700364E08 /* map_pinup_custom@3x.png in Resources */ = {isa = PBXBuildFile; fileRef = 31B5244723E7C94600364E08 /* map_pinup_custom@3x.png */; };
		31B5246D23E7C94700364E08 /* map_pin_custom.png in Resources */ = {isa = PBXBuildFile; fileRef = 31B5244823E7C94600364E08 /* map_pin_custom.png */; };
		31B5246E23E7C94700364E08 /* shadow_balloon.png in Resources */ = {isa = PBXBuildFile; fileRef = 31B5244923E7C94600364E08 /* shadow_balloon.png */; };
		31B5246F23E7C94700364E08 /* map_pinup.png in Resources */ = {isa = PBXBuildFile; fileRef = 31B5244A23E7C94600364E08 /* map_pinup.png */; };
		31B5247023E7C94700364E08 /* detail_button.png in Resources */ = {isa = PBXBuildFile; fileRef = 31B5244B23E7C94600364E08 /* detail_button.png */; };
		31B5247123E7C94700364E08 /* map_pin_custom@3x.png in Resources */ = {isa = PBXBuildFile; fileRef = 31B5244C23E7C94600364E08 /* map_pin_custom@3x.png */; };
		31B5247223E7C94700364E08 /* map_pinup@3x.png in Resources */ = {isa = PBXBuildFile; fileRef = 31B5244D23E7C94600364E08 /* map_pinup@3x.png */; };
		31B5247323E7C94700364E08 /* map_pin_shadow@3x.png in Resources */ = {isa = PBXBuildFile; fileRef = 31B5244E23E7C94600364E08 /* map_pin_shadow@3x.png */; };
		31B5247423E7C94700364E08 /* copyright.png in Resources */ = {isa = PBXBuildFile; fileRef = 31B5244F23E7C94600364E08 /* copyright.png */; };
		31B5247523E7C94700364E08 /* th_line.png in Resources */ = {isa = PBXBuildFile; fileRef = 31B5245023E7C94600364E08 /* th_line.png */; };
		31B5247623E7C94700364E08 /* map_pin_red@3x.png in Resources */ = {isa = PBXBuildFile; fileRef = 31B5245123E7C94600364E08 /* map_pin_red@3x.png */; };
		31B5247723E7C94700364E08 /* daum_copyright.png in Resources */ = {isa = PBXBuildFile; fileRef = 31B5245223E7C94600364E08 /* daum_copyright.png */; };
		31B5247823E7C94700364E08 /* map_pin@3x.png in Resources */ = {isa = PBXBuildFile; fileRef = 31B5245323E7C94600364E08 /* map_pin@3x.png */; };
		31B5247923E7C94700364E08 /* map_present_tracking.png in Resources */ = {isa = PBXBuildFile; fileRef = 31B5245423E7C94600364E08 /* map_present_tracking.png */; };
		31B5247A23E7C94700364E08 /* map_pin_red.png in Resources */ = {isa = PBXBuildFile; fileRef = 31B5245523E7C94600364E08 /* map_pin_red.png */; };
		31B5247B23E7C94700364E08 /* info_box.png in Resources */ = {isa = PBXBuildFile; fileRef = 31B5245F23E7C94600364E08 /* info_box.png */; };
		31B5247C23E7C94700364E08 /* point_sprite.png in Resources */ = {isa = PBXBuildFile; fileRef = 31B5246023E7C94600364E08 /* point_sprite.png */; };
		31B5247D23E7C94700364E08 /* map_pinup_custom.png in Resources */ = {isa = PBXBuildFile; fileRef = 31B5246123E7C94600364E08 /* map_pinup_custom.png */; };
		31B5247E23E7C94700364E08 /* info_box_tail.png in Resources */ = {isa = PBXBuildFile; fileRef = 31B5246223E7C94600364E08 /* info_box_tail.png */; };
		31B5247F23E7C94700364E08 /* noimage256.png in Resources */ = {isa = PBXBuildFile; fileRef = 31B5246323E7C94600364E08 /* noimage256.png */; };
		31B5248023E7C94700364E08 /* map_present_direction.png in Resources */ = {isa = PBXBuildFile; fileRef = 31B5246423E7C94600364E08 /* map_present_direction.png */; };
		31B5248123E7C94700364E08 /* map_pin.png in Resources */ = {isa = PBXBuildFile; fileRef = 31B5246523E7C94600364E08 /* map_pin.png */; };
		31B5248223E7C94700364E08 /* map_present.png in Resources */ = {isa = PBXBuildFile; fileRef = 31B5246623E7C94700364E08 /* map_present.png */; };
		31B5248323E7C94700364E08 /* noimage.png in Resources */ = {isa = PBXBuildFile; fileRef = 31B5246723E7C94700364E08 /* noimage.png */; };
		31B5248423E7C94700364E08 /* map_present_background_update.png in Resources */ = {isa = PBXBuildFile; fileRef = 31B5246823E7C94700364E08 /* map_present_background_update.png */; };
		31B5248523E7C94700364E08 /* daum_th_line.png in Resources */ = {isa = PBXBuildFile; fileRef = 31B5246923E7C94700364E08 /* daum_th_line.png */; };
		31B5248623E7C94700364E08 /* map_pin_shadow.png in Resources */ = {isa = PBXBuildFile; fileRef = 31B5246A23E7C94700364E08 /* map_pin_shadow.png */; };
		31B5248723E7C94700364E08 /* DaumMap.framework in Frameworks */ = {isa = PBXBuildFile; fileRef = 31B5246B23E7C94700364E08 /* DaumMap.framework */; };
		31B5248A23E7C95E00364E08 /* OpenGLES.framework in Frameworks */ = {isa = PBXBuildFile; fileRef = 31B5248923E7C95E00364E08 /* OpenGLES.framework */; };
		31B5248C23E7C97700364E08 /* SystemConfiguration.framework in Frameworks */ = {isa = PBXBuildFile; fileRef = 31B5248B23E7C97700364E08 /* SystemConfiguration.framework */; };
		31B5248E23E7C98100364E08 /* CoreLocation.framework in Frameworks */ = {isa = PBXBuildFile; fileRef = 31B5248D23E7C98100364E08 /* CoreLocation.framework */; };
		31B5249023E7C98E00364E08 /* QuartzCore.framework in Frameworks */ = {isa = PBXBuildFile; fileRef = 31B5248F23E7C98E00364E08 /* QuartzCore.framework */; };
		31B5249623E8034800364E08 /* DataSet.swift in Sources */ = {isa = PBXBuildFile; fileRef = 31B5249523E8034800364E08 /* DataSet.swift */; };
		31B7290A23EAA50500E4864D /* AddFriendViewController.swift in Sources */ = {isa = PBXBuildFile; fileRef = 31B7290923EAA50500E4864D /* AddFriendViewController.swift */; };
		31B7290C23EAA53200E4864D /* AddFriendView.swift in Sources */ = {isa = PBXBuildFile; fileRef = 31B7290B23EAA53200E4864D /* AddFriendView.swift */; };
		31B7290E23EAA54F00E4864D /* AddFriendModel.swift in Sources */ = {isa = PBXBuildFile; fileRef = 31B7290D23EAA54F00E4864D /* AddFriendModel.swift */; };
		31B7291123EACF1000E4864D /* GetTogetherCellTableViewCell.swift in Sources */ = {isa = PBXBuildFile; fileRef = 31B7291023EACF1000E4864D /* GetTogetherCellTableViewCell.swift */; };
		31BC25C123E5D6C900C971AB /* AppDelegate.swift in Sources */ = {isa = PBXBuildFile; fileRef = 31BC25C023E5D6C900C971AB /* AppDelegate.swift */; };
		31BC25C323E5D6C900C971AB /* SceneDelegate.swift in Sources */ = {isa = PBXBuildFile; fileRef = 31BC25C223E5D6C900C971AB /* SceneDelegate.swift */; };
		31BC25C823E5D6C900C971AB /* Main.storyboard in Resources */ = {isa = PBXBuildFile; fileRef = 31BC25C623E5D6C900C971AB /* Main.storyboard */; };
		31BC25CA23E5D6CC00C971AB /* Assets.xcassets in Resources */ = {isa = PBXBuildFile; fileRef = 31BC25C923E5D6CC00C971AB /* Assets.xcassets */; };
		31BC25CD23E5D6CC00C971AB /* LaunchScreen.storyboard in Resources */ = {isa = PBXBuildFile; fileRef = 31BC25CB23E5D6CC00C971AB /* LaunchScreen.storyboard */; };
		31BC25D823E5D78700C971AB /* LoginViewController.swift in Sources */ = {isa = PBXBuildFile; fileRef = 31BC25D723E5D78700C971AB /* LoginViewController.swift */; };
		31BC25DA23E5D7FD00C971AB /* LoginView.swift in Sources */ = {isa = PBXBuildFile; fileRef = 31BC25D923E5D7FD00C971AB /* LoginView.swift */; };
		31BC25DC23E5D97000C971AB /* UIViewExtension.swift in Sources */ = {isa = PBXBuildFile; fileRef = 31BC25DB23E5D97000C971AB /* UIViewExtension.swift */; };
		31BC25DE23E5E23700C971AB /* Color.swift in Sources */ = {isa = PBXBuildFile; fileRef = 31BC25DD23E5E23700C971AB /* Color.swift */; };
		31BC25E023E5E70C00C971AB /* SignUpViewController.swift in Sources */ = {isa = PBXBuildFile; fileRef = 31BC25DF23E5E70C00C971AB /* SignUpViewController.swift */; };
		31BC25E223E5E75500C971AB /* SignUpView.swift in Sources */ = {isa = PBXBuildFile; fileRef = 31BC25E123E5E75500C971AB /* SignUpView.swift */; };
		31BC25E423E6031A00C971AB /* Api.swift in Sources */ = {isa = PBXBuildFile; fileRef = 31BC25E323E6031A00C971AB /* Api.swift */; };
		31BC25E623E6108400C971AB /* SignupModel.swift in Sources */ = {isa = PBXBuildFile; fileRef = 31BC25E523E6108400C971AB /* SignupModel.swift */; };
		31DA961C23E6E5D2008FCEAF /* User.swift in Sources */ = {isa = PBXBuildFile; fileRef = 31DA961B23E6E5D2008FCEAF /* User.swift */; };
		31DA961E23E7B038008FCEAF /* MapSearchViewController.swift in Sources */ = {isa = PBXBuildFile; fileRef = 31DA961D23E7B038008FCEAF /* MapSearchViewController.swift */; };
		31DA962023E7B129008FCEAF /* MapSearchView.swift in Sources */ = {isa = PBXBuildFile; fileRef = 31DA961F23E7B129008FCEAF /* MapSearchView.swift */; };
/* End PBXBuildFile section */

/* Begin PBXFileReference section */
		3128F46A23EBF6E900C0A42A /* FriendListCell.swift */ = {isa = PBXFileReference; lastKnownFileType = sourcecode.swift; path = FriendListCell.swift; sourceTree = "<group>"; };
		3128F46C23EC3E9000C0A42A /* MapSearchModel.swift */ = {isa = PBXFileReference; lastKnownFileType = sourcecode.swift; path = MapSearchModel.swift; sourceTree = "<group>"; };
		3128F46E23EC5DF100C0A42A /* SearchMapCell.swift */ = {isa = PBXFileReference; lastKnownFileType = sourcecode.swift; path = SearchMapCell.swift; sourceTree = "<group>"; };
		3128F47123EC720900C0A42A /* AnnotationInfoView.swift */ = {isa = PBXFileReference; lastKnownFileType = sourcecode.swift; path = AnnotationInfoView.swift; sourceTree = "<group>"; };
		3128F47323EC799D00C0A42A /* CustomAnnotationView.swift */ = {isa = PBXFileReference; lastKnownFileType = sourcecode.swift; path = CustomAnnotationView.swift; sourceTree = "<group>"; };
		3172300A23E84765003DBE32 /* GetTogetherListViewController.swift */ = {isa = PBXFileReference; fileEncoding = 4; lastKnownFileType = sourcecode.swift; path = GetTogetherListViewController.swift; sourceTree = "<group>"; };
		3172300E23E9C66B003DBE32 /* Notification.swift */ = {isa = PBXFileReference; lastKnownFileType = sourcecode.swift; path = Notification.swift; sourceTree = "<group>"; };
		3172301223EA6B75003DBE32 /* LoginModel.swift */ = {isa = PBXFileReference; lastKnownFileType = sourcecode.swift; path = LoginModel.swift; sourceTree = "<group>"; };
		3172301523EA7B94003DBE32 /* CustomTabBarControllerViewController.swift */ = {isa = PBXFileReference; lastKnownFileType = sourcecode.swift; path = CustomTabBarControllerViewController.swift; sourceTree = "<group>"; };
		3172301723EA7C16003DBE32 /* MainViewController.swift */ = {isa = PBXFileReference; lastKnownFileType = sourcecode.swift; path = MainViewController.swift; sourceTree = "<group>"; };
		3172301923EA7C28003DBE32 /* MainModel.swift */ = {isa = PBXFileReference; lastKnownFileType = sourcecode.swift; path = MainModel.swift; sourceTree = "<group>"; };
		3172301B23EA7C3C003DBE32 /* MainView.swift */ = {isa = PBXFileReference; lastKnownFileType = sourcecode.swift; path = MainView.swift; sourceTree = "<group>"; };
		3172301D23EA7C58003DBE32 /* FriendListViewController.swift */ = {isa = PBXFileReference; lastKnownFileType = sourcecode.swift; path = FriendListViewController.swift; sourceTree = "<group>"; };
		3172301F23EA7C78003DBE32 /* FriendListModel.swift */ = {isa = PBXFileReference; lastKnownFileType = sourcecode.swift; path = FriendListModel.swift; sourceTree = "<group>"; };
		3172302123EA7CA8003DBE32 /* FriendListView.swift */ = {isa = PBXFileReference; lastKnownFileType = sourcecode.swift; path = FriendListView.swift; sourceTree = "<group>"; };
		3172302323EA94B3003DBE32 /* SetUpModel.swift */ = {isa = PBXFileReference; lastKnownFileType = sourcecode.swift; path = SetUpModel.swift; sourceTree = "<group>"; };
		3172302523EA94EE003DBE32 /* SetUpViewController.swift */ = {isa = PBXFileReference; lastKnownFileType = sourcecode.swift; path = SetUpViewController.swift; sourceTree = "<group>"; };
		3172302723EA9502003DBE32 /* SetupView.swift */ = {isa = PBXFileReference; lastKnownFileType = sourcecode.swift; path = SetupView.swift; sourceTree = "<group>"; };
		318000C123EC9D6C00F6602E /* GetTogetherDetailViewController.swift */ = {isa = PBXFileReference; fileEncoding = 4; lastKnownFileType = sourcecode.swift; path = GetTogetherDetailViewController.swift; sourceTree = "<group>"; };
		31B5244723E7C94600364E08 /* map_pinup_custom@3x.png */ = {isa = PBXFileReference; lastKnownFileType = image.png; path = "map_pinup_custom@3x.png"; sourceTree = "<group>"; };
		31B5244823E7C94600364E08 /* map_pin_custom.png */ = {isa = PBXFileReference; lastKnownFileType = image.png; path = map_pin_custom.png; sourceTree = "<group>"; };
		31B5244923E7C94600364E08 /* shadow_balloon.png */ = {isa = PBXFileReference; lastKnownFileType = image.png; path = shadow_balloon.png; sourceTree = "<group>"; };
		31B5244A23E7C94600364E08 /* map_pinup.png */ = {isa = PBXFileReference; lastKnownFileType = image.png; path = map_pinup.png; sourceTree = "<group>"; };
		31B5244B23E7C94600364E08 /* detail_button.png */ = {isa = PBXFileReference; lastKnownFileType = image.png; path = detail_button.png; sourceTree = "<group>"; };
		31B5244C23E7C94600364E08 /* map_pin_custom@3x.png */ = {isa = PBXFileReference; lastKnownFileType = image.png; path = "map_pin_custom@3x.png"; sourceTree = "<group>"; };
		31B5244D23E7C94600364E08 /* map_pinup@3x.png */ = {isa = PBXFileReference; lastKnownFileType = image.png; path = "map_pinup@3x.png"; sourceTree = "<group>"; };
		31B5244E23E7C94600364E08 /* map_pin_shadow@3x.png */ = {isa = PBXFileReference; lastKnownFileType = image.png; path = "map_pin_shadow@3x.png"; sourceTree = "<group>"; };
		31B5244F23E7C94600364E08 /* copyright.png */ = {isa = PBXFileReference; lastKnownFileType = image.png; path = copyright.png; sourceTree = "<group>"; };
		31B5245023E7C94600364E08 /* th_line.png */ = {isa = PBXFileReference; lastKnownFileType = image.png; path = th_line.png; sourceTree = "<group>"; };
		31B5245123E7C94600364E08 /* map_pin_red@3x.png */ = {isa = PBXFileReference; lastKnownFileType = image.png; path = "map_pin_red@3x.png"; sourceTree = "<group>"; };
		31B5245223E7C94600364E08 /* daum_copyright.png */ = {isa = PBXFileReference; lastKnownFileType = image.png; path = daum_copyright.png; sourceTree = "<group>"; };
		31B5245323E7C94600364E08 /* map_pin@3x.png */ = {isa = PBXFileReference; lastKnownFileType = image.png; path = "map_pin@3x.png"; sourceTree = "<group>"; };
		31B5245423E7C94600364E08 /* map_present_tracking.png */ = {isa = PBXFileReference; lastKnownFileType = image.png; path = map_present_tracking.png; sourceTree = "<group>"; };
		31B5245523E7C94600364E08 /* map_pin_red.png */ = {isa = PBXFileReference; lastKnownFileType = image.png; path = map_pin_red.png; sourceTree = "<group>"; };
		31B5245723E7C94600364E08 /* MTMapPOIItem.h */ = {isa = PBXFileReference; fileEncoding = 4; lastKnownFileType = sourcecode.c.h; path = MTMapPOIItem.h; sourceTree = "<group>"; };
		31B5245823E7C94600364E08 /* MTMapCameraUpdate.h */ = {isa = PBXFileReference; fileEncoding = 4; lastKnownFileType = sourcecode.c.h; path = MTMapCameraUpdate.h; sourceTree = "<group>"; };
		31B5245923E7C94600364E08 /* MTMapReverseGeoCoder.h */ = {isa = PBXFileReference; fileEncoding = 4; lastKnownFileType = sourcecode.c.h; path = MTMapReverseGeoCoder.h; sourceTree = "<group>"; };
		31B5245A23E7C94600364E08 /* MTMapPolyline.h */ = {isa = PBXFileReference; fileEncoding = 4; lastKnownFileType = sourcecode.c.h; path = MTMapPolyline.h; sourceTree = "<group>"; };
		31B5245B23E7C94600364E08 /* MTMapLocationMarkerItem.h */ = {isa = PBXFileReference; fileEncoding = 4; lastKnownFileType = sourcecode.c.h; path = MTMapLocationMarkerItem.h; sourceTree = "<group>"; };
		31B5245C23E7C94600364E08 /* MTMapView.h */ = {isa = PBXFileReference; fileEncoding = 4; lastKnownFileType = sourcecode.c.h; path = MTMapView.h; sourceTree = "<group>"; };
		31B5245D23E7C94600364E08 /* MTMapGeometry.h */ = {isa = PBXFileReference; fileEncoding = 4; lastKnownFileType = sourcecode.c.h; path = MTMapGeometry.h; sourceTree = "<group>"; };
		31B5245E23E7C94600364E08 /* MTMapCircle.h */ = {isa = PBXFileReference; fileEncoding = 4; lastKnownFileType = sourcecode.c.h; path = MTMapCircle.h; sourceTree = "<group>"; };
		31B5245F23E7C94600364E08 /* info_box.png */ = {isa = PBXFileReference; lastKnownFileType = image.png; path = info_box.png; sourceTree = "<group>"; };
		31B5246023E7C94600364E08 /* point_sprite.png */ = {isa = PBXFileReference; lastKnownFileType = image.png; path = point_sprite.png; sourceTree = "<group>"; };
		31B5246123E7C94600364E08 /* map_pinup_custom.png */ = {isa = PBXFileReference; lastKnownFileType = image.png; path = map_pinup_custom.png; sourceTree = "<group>"; };
		31B5246223E7C94600364E08 /* info_box_tail.png */ = {isa = PBXFileReference; lastKnownFileType = image.png; path = info_box_tail.png; sourceTree = "<group>"; };
		31B5246323E7C94600364E08 /* noimage256.png */ = {isa = PBXFileReference; lastKnownFileType = image.png; path = noimage256.png; sourceTree = "<group>"; };
		31B5246423E7C94600364E08 /* map_present_direction.png */ = {isa = PBXFileReference; lastKnownFileType = image.png; path = map_present_direction.png; sourceTree = "<group>"; };
		31B5246523E7C94600364E08 /* map_pin.png */ = {isa = PBXFileReference; lastKnownFileType = image.png; path = map_pin.png; sourceTree = "<group>"; };
		31B5246623E7C94700364E08 /* map_present.png */ = {isa = PBXFileReference; lastKnownFileType = image.png; path = map_present.png; sourceTree = "<group>"; };
		31B5246723E7C94700364E08 /* noimage.png */ = {isa = PBXFileReference; lastKnownFileType = image.png; path = noimage.png; sourceTree = "<group>"; };
		31B5246823E7C94700364E08 /* map_present_background_update.png */ = {isa = PBXFileReference; lastKnownFileType = image.png; path = map_present_background_update.png; sourceTree = "<group>"; };
		31B5246923E7C94700364E08 /* daum_th_line.png */ = {isa = PBXFileReference; lastKnownFileType = image.png; path = daum_th_line.png; sourceTree = "<group>"; };
		31B5246A23E7C94700364E08 /* map_pin_shadow.png */ = {isa = PBXFileReference; lastKnownFileType = image.png; path = map_pin_shadow.png; sourceTree = "<group>"; };
		31B5246B23E7C94700364E08 /* DaumMap.framework */ = {isa = PBXFileReference; lastKnownFileType = wrapper.framework; path = DaumMap.framework; sourceTree = "<group>"; };
		31B5248923E7C95E00364E08 /* OpenGLES.framework */ = {isa = PBXFileReference; lastKnownFileType = wrapper.framework; name = OpenGLES.framework; path = System/Library/Frameworks/OpenGLES.framework; sourceTree = SDKROOT; };
		31B5248B23E7C97700364E08 /* SystemConfiguration.framework */ = {isa = PBXFileReference; lastKnownFileType = wrapper.framework; name = SystemConfiguration.framework; path = System/Library/Frameworks/SystemConfiguration.framework; sourceTree = SDKROOT; };
		31B5248D23E7C98100364E08 /* CoreLocation.framework */ = {isa = PBXFileReference; lastKnownFileType = wrapper.framework; name = CoreLocation.framework; path = System/Library/Frameworks/CoreLocation.framework; sourceTree = SDKROOT; };
		31B5248F23E7C98E00364E08 /* QuartzCore.framework */ = {isa = PBXFileReference; lastKnownFileType = wrapper.framework; name = QuartzCore.framework; path = System/Library/Frameworks/QuartzCore.framework; sourceTree = SDKROOT; };
		31B5249123E7C99D00364E08 /* libc++.tbd */ = {isa = PBXFileReference; lastKnownFileType = "sourcecode.text-based-dylib-definition"; name = "libc++.tbd"; path = "usr/lib/libc++.tbd"; sourceTree = SDKROOT; };
		31B5249223E7C9AC00364E08 /* libxml2.tbd */ = {isa = PBXFileReference; lastKnownFileType = "sourcecode.text-based-dylib-definition"; name = libxml2.tbd; path = usr/lib/libxml2.tbd; sourceTree = SDKROOT; };
		31B5249323E7C9BE00364E08 /* libsqlite3.tbd */ = {isa = PBXFileReference; lastKnownFileType = "sourcecode.text-based-dylib-definition"; name = libsqlite3.tbd; path = usr/lib/libsqlite3.tbd; sourceTree = SDKROOT; };
		31B5249523E8034800364E08 /* DataSet.swift */ = {isa = PBXFileReference; lastKnownFileType = sourcecode.swift; path = DataSet.swift; sourceTree = "<group>"; };
		31B7290923EAA50500E4864D /* AddFriendViewController.swift */ = {isa = PBXFileReference; lastKnownFileType = sourcecode.swift; path = AddFriendViewController.swift; sourceTree = "<group>"; };
		31B7290B23EAA53200E4864D /* AddFriendView.swift */ = {isa = PBXFileReference; lastKnownFileType = sourcecode.swift; path = AddFriendView.swift; sourceTree = "<group>"; };
		31B7290D23EAA54F00E4864D /* AddFriendModel.swift */ = {isa = PBXFileReference; lastKnownFileType = sourcecode.swift; path = AddFriendModel.swift; sourceTree = "<group>"; };
		31B7291023EACF1000E4864D /* GetTogetherCellTableViewCell.swift */ = {isa = PBXFileReference; lastKnownFileType = sourcecode.swift; path = GetTogetherCellTableViewCell.swift; sourceTree = "<group>"; };
		31BC25BD23E5D6C900C971AB /* GetTogether.app */ = {isa = PBXFileReference; explicitFileType = wrapper.application; includeInIndex = 0; path = GetTogether.app; sourceTree = BUILT_PRODUCTS_DIR; };
		31BC25C023E5D6C900C971AB /* AppDelegate.swift */ = {isa = PBXFileReference; lastKnownFileType = sourcecode.swift; path = AppDelegate.swift; sourceTree = "<group>"; };
		31BC25C223E5D6C900C971AB /* SceneDelegate.swift */ = {isa = PBXFileReference; lastKnownFileType = sourcecode.swift; path = SceneDelegate.swift; sourceTree = "<group>"; };
		31BC25C723E5D6C900C971AB /* Base */ = {isa = PBXFileReference; lastKnownFileType = file.storyboard; name = Base; path = Base.lproj/Main.storyboard; sourceTree = "<group>"; };
		31BC25C923E5D6CC00C971AB /* Assets.xcassets */ = {isa = PBXFileReference; lastKnownFileType = folder.assetcatalog; path = Assets.xcassets; sourceTree = "<group>"; };
		31BC25CC23E5D6CC00C971AB /* Base */ = {isa = PBXFileReference; lastKnownFileType = file.storyboard; name = Base; path = Base.lproj/LaunchScreen.storyboard; sourceTree = "<group>"; };
		31BC25CE23E5D6CC00C971AB /* Info.plist */ = {isa = PBXFileReference; lastKnownFileType = text.plist.xml; path = Info.plist; sourceTree = "<group>"; };
		31BC25D723E5D78700C971AB /* LoginViewController.swift */ = {isa = PBXFileReference; lastKnownFileType = sourcecode.swift; path = LoginViewController.swift; sourceTree = "<group>"; };
		31BC25D923E5D7FD00C971AB /* LoginView.swift */ = {isa = PBXFileReference; lastKnownFileType = sourcecode.swift; path = LoginView.swift; sourceTree = "<group>"; };
		31BC25DB23E5D97000C971AB /* UIViewExtension.swift */ = {isa = PBXFileReference; lastKnownFileType = sourcecode.swift; path = UIViewExtension.swift; sourceTree = "<group>"; };
		31BC25DD23E5E23700C971AB /* Color.swift */ = {isa = PBXFileReference; lastKnownFileType = sourcecode.swift; path = Color.swift; sourceTree = "<group>"; };
		31BC25DF23E5E70C00C971AB /* SignUpViewController.swift */ = {isa = PBXFileReference; lastKnownFileType = sourcecode.swift; path = SignUpViewController.swift; sourceTree = "<group>"; };
		31BC25E123E5E75500C971AB /* SignUpView.swift */ = {isa = PBXFileReference; lastKnownFileType = sourcecode.swift; path = SignUpView.swift; sourceTree = "<group>"; };
		31BC25E323E6031A00C971AB /* Api.swift */ = {isa = PBXFileReference; lastKnownFileType = sourcecode.swift; path = Api.swift; sourceTree = "<group>"; };
		31BC25E523E6108400C971AB /* SignupModel.swift */ = {isa = PBXFileReference; lastKnownFileType = sourcecode.swift; path = SignupModel.swift; sourceTree = "<group>"; };
		31DA961B23E6E5D2008FCEAF /* User.swift */ = {isa = PBXFileReference; lastKnownFileType = sourcecode.swift; path = User.swift; sourceTree = "<group>"; };
		31DA961D23E7B038008FCEAF /* MapSearchViewController.swift */ = {isa = PBXFileReference; lastKnownFileType = sourcecode.swift; path = MapSearchViewController.swift; sourceTree = "<group>"; };
		31DA961F23E7B129008FCEAF /* MapSearchView.swift */ = {isa = PBXFileReference; lastKnownFileType = sourcecode.swift; path = MapSearchView.swift; sourceTree = "<group>"; };
/* End PBXFileReference section */

/* Begin PBXFrameworksBuildPhase section */
		31BC25BA23E5D6C900C971AB /* Frameworks */ = {
			isa = PBXFrameworksBuildPhase;
			buildActionMask = 2147483647;
			files = (
				31B5249023E7C98E00364E08 /* QuartzCore.framework in Frameworks */,
				31B5248E23E7C98100364E08 /* CoreLocation.framework in Frameworks */,
				31B5248723E7C94700364E08 /* DaumMap.framework in Frameworks */,
				31B5248C23E7C97700364E08 /* SystemConfiguration.framework in Frameworks */,
				31B5248A23E7C95E00364E08 /* OpenGLES.framework in Frameworks */,
			);
			runOnlyForDeploymentPostprocessing = 0;
		};
/* End PBXFrameworksBuildPhase section */

/* Begin PBXGroup section */
		3128F47023EC71D900C0A42A /* AnnotationInfoView */ = {
			isa = PBXGroup;
			children = (
				3128F47123EC720900C0A42A /* AnnotationInfoView.swift */,
				3128F47323EC799D00C0A42A /* CustomAnnotationView.swift */,
			);
			path = AnnotationInfoView;
			sourceTree = "<group>";
		};
		3172301423EA7B71003DBE32 /* Base */ = {
			isa = PBXGroup;
			children = (
				3172301523EA7B94003DBE32 /* CustomTabBarControllerViewController.swift */,
			);
			path = Base;
			sourceTree = "<group>";
		};
		3172302923EAA2F8003DBE32 /* Login */ = {
			isa = PBXGroup;
			children = (
				31BC25DF23E5E70C00C971AB /* SignUpViewController.swift */,
				31BC25D723E5D78700C971AB /* LoginViewController.swift */,
			);
			path = Login;
			sourceTree = "<group>";
		};
		3172302A23EAA30F003DBE32 /* Login */ = {
			isa = PBXGroup;
			children = (
				3172301223EA6B75003DBE32 /* LoginModel.swift */,
				31BC25E523E6108400C971AB /* SignupModel.swift */,
			);
			path = Login;
			sourceTree = "<group>";
		};
		3172302B23EAA325003DBE32 /* Login */ = {
			isa = PBXGroup;
			children = (
				31BC25E123E5E75500C971AB /* SignUpView.swift */,
				31BC25D923E5D7FD00C971AB /* LoginView.swift */,
			);
			path = Login;
			sourceTree = "<group>";
		};
		3172302C23EAA346003DBE32 /* Main */ = {
			isa = PBXGroup;
			children = (
				3172301723EA7C16003DBE32 /* MainViewController.swift */,
				31DA961D23E7B038008FCEAF /* MapSearchViewController.swift */,
			);
			path = Main;
			sourceTree = "<group>";
		};
		3172302D23EAA353003DBE32 /* Main */ = {
			isa = PBXGroup;
			children = (
				31DA961F23E7B129008FCEAF /* MapSearchView.swift */,
				3172301B23EA7C3C003DBE32 /* MainView.swift */,
			);
			path = Main;
			sourceTree = "<group>";
		};
		3172302E23EAA360003DBE32 /* Main */ = {
			isa = PBXGroup;
			children = (
				3172301923EA7C28003DBE32 /* MainModel.swift */,
				3128F46C23EC3E9000C0A42A /* MapSearchModel.swift */,
			);
			path = Main;
			sourceTree = "<group>";
		};
		3172302F23EAA36A003DBE32 /* FriendList */ = {
			isa = PBXGroup;
			children = (
				3172301D23EA7C58003DBE32 /* FriendListViewController.swift */,
				31B7290923EAA50500E4864D /* AddFriendViewController.swift */,
			);
			path = FriendList;
			sourceTree = "<group>";
		};
		3172303023EAA37D003DBE32 /* FriendList */ = {
			isa = PBXGroup;
			children = (
				3172301F23EA7C78003DBE32 /* FriendListModel.swift */,
				31B7290D23EAA54F00E4864D /* AddFriendModel.swift */,
			);
			path = FriendList;
			sourceTree = "<group>";
		};
		3172303123EAA38F003DBE32 /* FriendList */ = {
			isa = PBXGroup;
			children = (
				3172302123EA7CA8003DBE32 /* FriendListView.swift */,
				31B7290B23EAA53200E4864D /* AddFriendView.swift */,
			);
			path = FriendList;
			sourceTree = "<group>";
		};
		3172303223EAA3AD003DBE32 /* Setup */ = {
			isa = PBXGroup;
			children = (
				3172302323EA94B3003DBE32 /* SetUpModel.swift */,
			);
			path = Setup;
			sourceTree = "<group>";
		};
		3172303323EAA3BB003DBE32 /* Setup */ = {
			isa = PBXGroup;
			children = (
				3172302523EA94EE003DBE32 /* SetUpViewController.swift */,
			);
			path = Setup;
			sourceTree = "<group>";
		};
		3172303423EAA3CB003DBE32 /* Setup */ = {
			isa = PBXGroup;
			children = (
				3172302723EA9502003DBE32 /* SetupView.swift */,
			);
			path = Setup;
			sourceTree = "<group>";
		};
		3172303523EAA3DE003DBE32 /* GetTigetherList */ = {
			isa = PBXGroup;
			children = (
				318000C123EC9D6C00F6602E /* GetTogetherDetailViewController.swift */,
				3172300A23E84765003DBE32 /* GetTogetherListViewController.swift */,
			);
			path = GetTigetherList;
			sourceTree = "<group>";
		};
		31B5244523E7C94600364E08 /* DaumMap.embeddedframework */ = {
			isa = PBXGroup;
			children = (
				31B5244623E7C94600364E08 /* Resources */,
				31B5246B23E7C94700364E08 /* DaumMap.framework */,
			);
			path = DaumMap.embeddedframework;
			sourceTree = "<group>";
		};
		31B5244623E7C94600364E08 /* Resources */ = {
			isa = PBXGroup;
			children = (
				31B5244723E7C94600364E08 /* map_pinup_custom@3x.png */,
				31B5244823E7C94600364E08 /* map_pin_custom.png */,
				31B5244923E7C94600364E08 /* shadow_balloon.png */,
				31B5244A23E7C94600364E08 /* map_pinup.png */,
				31B5244B23E7C94600364E08 /* detail_button.png */,
				31B5244C23E7C94600364E08 /* map_pin_custom@3x.png */,
				31B5244D23E7C94600364E08 /* map_pinup@3x.png */,
				31B5244E23E7C94600364E08 /* map_pin_shadow@3x.png */,
				31B5244F23E7C94600364E08 /* copyright.png */,
				31B5245023E7C94600364E08 /* th_line.png */,
				31B5245123E7C94600364E08 /* map_pin_red@3x.png */,
				31B5245223E7C94600364E08 /* daum_copyright.png */,
				31B5245323E7C94600364E08 /* map_pin@3x.png */,
				31B5245423E7C94600364E08 /* map_present_tracking.png */,
				31B5245523E7C94600364E08 /* map_pin_red.png */,
				31B5245623E7C94600364E08 /* Headers */,
				31B5245F23E7C94600364E08 /* info_box.png */,
				31B5246023E7C94600364E08 /* point_sprite.png */,
				31B5246123E7C94600364E08 /* map_pinup_custom.png */,
				31B5246223E7C94600364E08 /* info_box_tail.png */,
				31B5246323E7C94600364E08 /* noimage256.png */,
				31B5246423E7C94600364E08 /* map_present_direction.png */,
				31B5246523E7C94600364E08 /* map_pin.png */,
				31B5246623E7C94700364E08 /* map_present.png */,
				31B5246723E7C94700364E08 /* noimage.png */,
				31B5246823E7C94700364E08 /* map_present_background_update.png */,
				31B5246923E7C94700364E08 /* daum_th_line.png */,
				31B5246A23E7C94700364E08 /* map_pin_shadow.png */,
			);
			path = Resources;
			sourceTree = "<group>";
		};
		31B5245623E7C94600364E08 /* Headers */ = {
			isa = PBXGroup;
			children = (
				31B5245723E7C94600364E08 /* MTMapPOIItem.h */,
				31B5245823E7C94600364E08 /* MTMapCameraUpdate.h */,
				31B5245923E7C94600364E08 /* MTMapReverseGeoCoder.h */,
				31B5245A23E7C94600364E08 /* MTMapPolyline.h */,
				31B5245B23E7C94600364E08 /* MTMapLocationMarkerItem.h */,
				31B5245C23E7C94600364E08 /* MTMapView.h */,
				31B5245D23E7C94600364E08 /* MTMapGeometry.h */,
				31B5245E23E7C94600364E08 /* MTMapCircle.h */,
			);
			path = Headers;
			sourceTree = "<group>";
		};
		31B5248823E7C95E00364E08 /* Frameworks */ = {
			isa = PBXGroup;
			children = (
				31B5249323E7C9BE00364E08 /* libsqlite3.tbd */,
				31B5249223E7C9AC00364E08 /* libxml2.tbd */,
				31B5249123E7C99D00364E08 /* libc++.tbd */,
				31B5248F23E7C98E00364E08 /* QuartzCore.framework */,
				31B5248D23E7C98100364E08 /* CoreLocation.framework */,
				31B5248B23E7C97700364E08 /* SystemConfiguration.framework */,
				31B5248923E7C95E00364E08 /* OpenGLES.framework */,
			);
			name = Frameworks;
			sourceTree = "<group>";
		};
		31B5249423E8032900364E08 /* DataSet */ = {
			isa = PBXGroup;
			children = (
				31BC25E323E6031A00C971AB /* Api.swift */,
				31B5249523E8034800364E08 /* DataSet.swift */,
				31DA961B23E6E5D2008FCEAF /* User.swift */,
				3172300E23E9C66B003DBE32 /* Notification.swift */,
				31BC25DD23E5E23700C971AB /* Color.swift */,
			);
			path = DataSet;
			sourceTree = "<group>";
		};
		31B7290F23EACEED00E4864D /* Cell */ = {
			isa = PBXGroup;
			children = (
				31B7291023EACF1000E4864D /* GetTogetherCellTableViewCell.swift */,
				3128F46A23EBF6E900C0A42A /* FriendListCell.swift */,
				3128F46E23EC5DF100C0A42A /* SearchMapCell.swift */,
			);
			path = Cell;
			sourceTree = "<group>";
		};
		31BC25B423E5D6C900C971AB = {
			isa = PBXGroup;
			children = (
				31BC25BF23E5D6C900C971AB /* GetTogether */,
				31BC25BE23E5D6C900C971AB /* Products */,
				31B5248823E7C95E00364E08 /* Frameworks */,
			);
			sourceTree = "<group>";
		};
		31BC25BE23E5D6C900C971AB /* Products */ = {
			isa = PBXGroup;
			children = (
				31BC25BD23E5D6C900C971AB /* GetTogether.app */,
			);
			name = Products;
			sourceTree = "<group>";
		};
		31BC25BF23E5D6C900C971AB /* GetTogether */ = {
			isa = PBXGroup;
			children = (
				31B5244523E7C94600364E08 /* DaumMap.embeddedframework */,
				31B5249423E8032900364E08 /* DataSet */,
				31BC25D623E5D71B00C971AB /* Model */,
				31BC25D523E5D70F00C971AB /* Controller */,
				31BC25D423E5D70700C971AB /* View */,
				3172301423EA7B71003DBE32 /* Base */,
				31BC25C223E5D6C900C971AB /* SceneDelegate.swift */,
				31BC25C023E5D6C900C971AB /* AppDelegate.swift */,
				31BC25DB23E5D97000C971AB /* UIViewExtension.swift */,
				31BC25C623E5D6C900C971AB /* Main.storyboard */,
				31BC25C923E5D6CC00C971AB /* Assets.xcassets */,
				31BC25CB23E5D6CC00C971AB /* LaunchScreen.storyboard */,
				31BC25CE23E5D6CC00C971AB /* Info.plist */,
			);
			path = GetTogether;
			sourceTree = "<group>";
		};
		31BC25D423E5D70700C971AB /* View */ = {
			isa = PBXGroup;
			children = (
				3128F47023EC71D900C0A42A /* AnnotationInfoView */,
				3172303423EAA3CB003DBE32 /* Setup */,
				3172303123EAA38F003DBE32 /* FriendList */,
				3172302D23EAA353003DBE32 /* Main */,
				3172302B23EAA325003DBE32 /* Login */,
				31B7290F23EACEED00E4864D /* Cell */,
			);
			path = View;
			sourceTree = "<group>";
		};
		31BC25D523E5D70F00C971AB /* Controller */ = {
			isa = PBXGroup;
			children = (
				3172303523EAA3DE003DBE32 /* GetTigetherList */,
				3172303323EAA3BB003DBE32 /* Setup */,
				3172302F23EAA36A003DBE32 /* FriendList */,
				3172302C23EAA346003DBE32 /* Main */,
				3172302923EAA2F8003DBE32 /* Login */,
			);
			path = Controller;
			sourceTree = "<group>";
		};
		31BC25D623E5D71B00C971AB /* Model */ = {
			isa = PBXGroup;
			children = (
				3172303223EAA3AD003DBE32 /* Setup */,
				3172303023EAA37D003DBE32 /* FriendList */,
				3172302E23EAA360003DBE32 /* Main */,
				3172302A23EAA30F003DBE32 /* Login */,
			);
			path = Model;
			sourceTree = "<group>";
		};
/* End PBXGroup section */

/* Begin PBXNativeTarget section */
		31BC25BC23E5D6C900C971AB /* GetTogether */ = {
			isa = PBXNativeTarget;
			buildConfigurationList = 31BC25D123E5D6CC00C971AB /* Build configuration list for PBXNativeTarget "GetTogether" */;
			buildPhases = (
				31BC25B923E5D6C900C971AB /* Sources */,
				31BC25BA23E5D6C900C971AB /* Frameworks */,
				31BC25BB23E5D6C900C971AB /* Resources */,
			);
			buildRules = (
			);
			dependencies = (
			);
			name = GetTogether;
			productName = GetTogether;
			productReference = 31BC25BD23E5D6C900C971AB /* GetTogether.app */;
			productType = "com.apple.product-type.application";
		};
/* End PBXNativeTarget section */

/* Begin PBXProject section */
		31BC25B523E5D6C900C971AB /* Project object */ = {
			isa = PBXProject;
			attributes = {
				LastSwiftUpdateCheck = 1130;
				LastUpgradeCheck = 1130;
				ORGANIZATIONNAME = didwndckd;
				TargetAttributes = {
					31BC25BC23E5D6C900C971AB = {
						CreatedOnToolsVersion = 11.3.1;
					};
				};
			};
			buildConfigurationList = 31BC25B823E5D6C900C971AB /* Build configuration list for PBXProject "GetTogether" */;
			compatibilityVersion = "Xcode 9.3";
			developmentRegion = en;
			hasScannedForEncodings = 0;
			knownRegions = (
				en,
				Base,
			);
			mainGroup = 31BC25B423E5D6C900C971AB;
			productRefGroup = 31BC25BE23E5D6C900C971AB /* Products */;
			projectDirPath = "";
			projectRoot = "";
			targets = (
				31BC25BC23E5D6C900C971AB /* GetTogether */,
			);
		};
/* End PBXProject section */

/* Begin PBXResourcesBuildPhase section */
		31BC25BB23E5D6C900C971AB /* Resources */ = {
			isa = PBXResourcesBuildPhase;
			buildActionMask = 2147483647;
			files = (
				31B5248223E7C94700364E08 /* map_present.png in Resources */,
				31B5247823E7C94700364E08 /* map_pin@3x.png in Resources */,
				31B5247623E7C94700364E08 /* map_pin_red@3x.png in Resources */,
				31B5248123E7C94700364E08 /* map_pin.png in Resources */,
				31B5247A23E7C94700364E08 /* map_pin_red.png in Resources */,
				31B5246C23E7C94700364E08 /* map_pinup_custom@3x.png in Resources */,
				31B5247423E7C94700364E08 /* copyright.png in Resources */,
				31B5247323E7C94700364E08 /* map_pin_shadow@3x.png in Resources */,
				31BC25CD23E5D6CC00C971AB /* LaunchScreen.storyboard in Resources */,
				31B5247723E7C94700364E08 /* daum_copyright.png in Resources */,
				31B5247B23E7C94700364E08 /* info_box.png in Resources */,
				31B5247123E7C94700364E08 /* map_pin_custom@3x.png in Resources */,
				31B5248623E7C94700364E08 /* map_pin_shadow.png in Resources */,
				31B5247923E7C94700364E08 /* map_present_tracking.png in Resources */,
				31B5247023E7C94700364E08 /* detail_button.png in Resources */,
				31B5248323E7C94700364E08 /* noimage.png in Resources */,
				31B5247523E7C94700364E08 /* th_line.png in Resources */,
				31B5247E23E7C94700364E08 /* info_box_tail.png in Resources */,
				31B5246D23E7C94700364E08 /* map_pin_custom.png in Resources */,
				31B5247D23E7C94700364E08 /* map_pinup_custom.png in Resources */,
				31B5247223E7C94700364E08 /* map_pinup@3x.png in Resources */,
				31B5247C23E7C94700364E08 /* point_sprite.png in Resources */,
				31B5248423E7C94700364E08 /* map_present_background_update.png in Resources */,
				31B5248023E7C94700364E08 /* map_present_direction.png in Resources */,
				31B5247F23E7C94700364E08 /* noimage256.png in Resources */,
				31B5246E23E7C94700364E08 /* shadow_balloon.png in Resources */,
				31BC25CA23E5D6CC00C971AB /* Assets.xcassets in Resources */,
				31BC25C823E5D6C900C971AB /* Main.storyboard in Resources */,
				31B5248523E7C94700364E08 /* daum_th_line.png in Resources */,
				31B5246F23E7C94700364E08 /* map_pinup.png in Resources */,
			);
			runOnlyForDeploymentPostprocessing = 0;
		};
/* End PBXResourcesBuildPhase section */

/* Begin PBXSourcesBuildPhase section */
		31BC25B923E5D6C900C971AB /* Sources */ = {
			isa = PBXSourcesBuildPhase;
			buildActionMask = 2147483647;
			files = (
				3128F46F23EC5DF100C0A42A /* SearchMapCell.swift in Sources */,
				3172301E23EA7C58003DBE32 /* FriendListViewController.swift in Sources */,
				31B7290E23EAA54F00E4864D /* AddFriendModel.swift in Sources */,
				31BC25E423E6031A00C971AB /* Api.swift in Sources */,
				3128F47223EC720900C0A42A /* AnnotationInfoView.swift in Sources */,
				3128F46B23EBF6E900C0A42A /* FriendListCell.swift in Sources */,
				3172301C23EA7C3C003DBE32 /* MainView.swift in Sources */,
				31BC25E623E6108400C971AB /* SignupModel.swift in Sources */,
				3172302823EA9502003DBE32 /* SetupView.swift in Sources */,
				31B7291123EACF1000E4864D /* GetTogetherCellTableViewCell.swift in Sources */,
				3172301623EA7B94003DBE32 /* CustomTabBarControllerViewController.swift in Sources */,
				31BC25DC23E5D97000C971AB /* UIViewExtension.swift in Sources */,
				3172302623EA94EE003DBE32 /* SetUpViewController.swift in Sources */,
				31B7290A23EAA50500E4864D /* AddFriendViewController.swift in Sources */,
				31BC25E023E5E70C00C971AB /* SignUpViewController.swift in Sources */,
				3172301823EA7C16003DBE32 /* MainViewController.swift in Sources */,
				318000C223EC9D6C00F6602E /* GetTogetherDetailViewController.swift in Sources */,
				31B7290C23EAA53200E4864D /* AddFriendView.swift in Sources */,
				31BC25D823E5D78700C971AB /* LoginViewController.swift in Sources */,
				31BC25DE23E5E23700C971AB /* Color.swift in Sources */,
				3172301A23EA7C28003DBE32 /* MainModel.swift in Sources */,
				31B5249623E8034800364E08 /* DataSet.swift in Sources */,
				3172300B23E84765003DBE32 /* GetTogetherListViewController.swift in Sources */,
				3172302423EA94B3003DBE32 /* SetUpModel.swift in Sources */,
				3172301323EA6B75003DBE32 /* LoginModel.swift in Sources */,
				3172302223EA7CA8003DBE32 /* FriendListView.swift in Sources */,
				3172302023EA7C78003DBE32 /* FriendListModel.swift in Sources */,
				31DA961E23E7B038008FCEAF /* MapSearchViewController.swift in Sources */,
				31BC25E223E5E75500C971AB /* SignUpView.swift in Sources */,
				31BC25C123E5D6C900C971AB /* AppDelegate.swift in Sources */,
				31DA961C23E6E5D2008FCEAF /* User.swift in Sources */,
				31BC25DA23E5D7FD00C971AB /* LoginView.swift in Sources */,
				31BC25C323E5D6C900C971AB /* SceneDelegate.swift in Sources */,
				31DA962023E7B129008FCEAF /* MapSearchView.swift in Sources */,
				3172300F23E9C66B003DBE32 /* Notification.swift in Sources */,
				3128F47423EC799D00C0A42A /* CustomAnnotationView.swift in Sources */,
				3128F46D23EC3E9000C0A42A /* MapSearchModel.swift in Sources */,
			);
			runOnlyForDeploymentPostprocessing = 0;
		};
/* End PBXSourcesBuildPhase section */

/* Begin PBXVariantGroup section */
		31BC25C623E5D6C900C971AB /* Main.storyboard */ = {
			isa = PBXVariantGroup;
			children = (
				31BC25C723E5D6C900C971AB /* Base */,
			);
			name = Main.storyboard;
			sourceTree = "<group>";
		};
		31BC25CB23E5D6CC00C971AB /* LaunchScreen.storyboard */ = {
			isa = PBXVariantGroup;
			children = (
				31BC25CC23E5D6CC00C971AB /* Base */,
			);
			name = LaunchScreen.storyboard;
			sourceTree = "<group>";
		};
/* End PBXVariantGroup section */

/* Begin XCBuildConfiguration section */
		31BC25CF23E5D6CC00C971AB /* Debug */ = {
			isa = XCBuildConfiguration;
			buildSettings = {
				ALWAYS_SEARCH_USER_PATHS = NO;
				CLANG_ANALYZER_NONNULL = YES;
				CLANG_ANALYZER_NUMBER_OBJECT_CONVERSION = YES_AGGRESSIVE;
				CLANG_CXX_LANGUAGE_STANDARD = "gnu++14";
				CLANG_CXX_LIBRARY = "libc++";
				CLANG_ENABLE_MODULES = YES;
				CLANG_ENABLE_OBJC_ARC = YES;
				CLANG_ENABLE_OBJC_WEAK = YES;
				CLANG_WARN_BLOCK_CAPTURE_AUTORELEASING = YES;
				CLANG_WARN_BOOL_CONVERSION = YES;
				CLANG_WARN_COMMA = YES;
				CLANG_WARN_CONSTANT_CONVERSION = YES;
				CLANG_WARN_DEPRECATED_OBJC_IMPLEMENTATIONS = YES;
				CLANG_WARN_DIRECT_OBJC_ISA_USAGE = YES_ERROR;
				CLANG_WARN_DOCUMENTATION_COMMENTS = YES;
				CLANG_WARN_EMPTY_BODY = YES;
				CLANG_WARN_ENUM_CONVERSION = YES;
				CLANG_WARN_INFINITE_RECURSION = YES;
				CLANG_WARN_INT_CONVERSION = YES;
				CLANG_WARN_NON_LITERAL_NULL_CONVERSION = YES;
				CLANG_WARN_OBJC_IMPLICIT_RETAIN_SELF = YES;
				CLANG_WARN_OBJC_LITERAL_CONVERSION = YES;
				CLANG_WARN_OBJC_ROOT_CLASS = YES_ERROR;
				CLANG_WARN_RANGE_LOOP_ANALYSIS = YES;
				CLANG_WARN_STRICT_PROTOTYPES = YES;
				CLANG_WARN_SUSPICIOUS_MOVE = YES;
				CLANG_WARN_UNGUARDED_AVAILABILITY = YES_AGGRESSIVE;
				CLANG_WARN_UNREACHABLE_CODE = YES;
				CLANG_WARN__DUPLICATE_METHOD_MATCH = YES;
				COPY_PHASE_STRIP = NO;
				DEBUG_INFORMATION_FORMAT = dwarf;
				ENABLE_STRICT_OBJC_MSGSEND = YES;
				ENABLE_TESTABILITY = YES;
				GCC_C_LANGUAGE_STANDARD = gnu11;
				GCC_DYNAMIC_NO_PIC = NO;
				GCC_NO_COMMON_BLOCKS = YES;
				GCC_OPTIMIZATION_LEVEL = 0;
				GCC_PREPROCESSOR_DEFINITIONS = (
					"DEBUG=1",
					"$(inherited)",
				);
				GCC_WARN_64_TO_32_BIT_CONVERSION = YES;
				GCC_WARN_ABOUT_RETURN_TYPE = YES_ERROR;
				GCC_WARN_UNDECLARED_SELECTOR = YES;
				GCC_WARN_UNINITIALIZED_AUTOS = YES_AGGRESSIVE;
				GCC_WARN_UNUSED_FUNCTION = YES;
				GCC_WARN_UNUSED_VARIABLE = YES;
				IPHONEOS_DEPLOYMENT_TARGET = 13.2;
				MTL_ENABLE_DEBUG_INFO = INCLUDE_SOURCE;
				MTL_FAST_MATH = YES;
				ONLY_ACTIVE_ARCH = YES;
				SDKROOT = iphoneos;
				SWIFT_ACTIVE_COMPILATION_CONDITIONS = DEBUG;
				SWIFT_OPTIMIZATION_LEVEL = "-Onone";
			};
			name = Debug;
		};
		31BC25D023E5D6CC00C971AB /* Release */ = {
			isa = XCBuildConfiguration;
			buildSettings = {
				ALWAYS_SEARCH_USER_PATHS = NO;
				CLANG_ANALYZER_NONNULL = YES;
				CLANG_ANALYZER_NUMBER_OBJECT_CONVERSION = YES_AGGRESSIVE;
				CLANG_CXX_LANGUAGE_STANDARD = "gnu++14";
				CLANG_CXX_LIBRARY = "libc++";
				CLANG_ENABLE_MODULES = YES;
				CLANG_ENABLE_OBJC_ARC = YES;
				CLANG_ENABLE_OBJC_WEAK = YES;
				CLANG_WARN_BLOCK_CAPTURE_AUTORELEASING = YES;
				CLANG_WARN_BOOL_CONVERSION = YES;
				CLANG_WARN_COMMA = YES;
				CLANG_WARN_CONSTANT_CONVERSION = YES;
				CLANG_WARN_DEPRECATED_OBJC_IMPLEMENTATIONS = YES;
				CLANG_WARN_DIRECT_OBJC_ISA_USAGE = YES_ERROR;
				CLANG_WARN_DOCUMENTATION_COMMENTS = YES;
				CLANG_WARN_EMPTY_BODY = YES;
				CLANG_WARN_ENUM_CONVERSION = YES;
				CLANG_WARN_INFINITE_RECURSION = YES;
				CLANG_WARN_INT_CONVERSION = YES;
				CLANG_WARN_NON_LITERAL_NULL_CONVERSION = YES;
				CLANG_WARN_OBJC_IMPLICIT_RETAIN_SELF = YES;
				CLANG_WARN_OBJC_LITERAL_CONVERSION = YES;
				CLANG_WARN_OBJC_ROOT_CLASS = YES_ERROR;
				CLANG_WARN_RANGE_LOOP_ANALYSIS = YES;
				CLANG_WARN_STRICT_PROTOTYPES = YES;
				CLANG_WARN_SUSPICIOUS_MOVE = YES;
				CLANG_WARN_UNGUARDED_AVAILABILITY = YES_AGGRESSIVE;
				CLANG_WARN_UNREACHABLE_CODE = YES;
				CLANG_WARN__DUPLICATE_METHOD_MATCH = YES;
				COPY_PHASE_STRIP = NO;
				DEBUG_INFORMATION_FORMAT = "dwarf-with-dsym";
				ENABLE_NS_ASSERTIONS = NO;
				ENABLE_STRICT_OBJC_MSGSEND = YES;
				GCC_C_LANGUAGE_STANDARD = gnu11;
				GCC_NO_COMMON_BLOCKS = YES;
				GCC_WARN_64_TO_32_BIT_CONVERSION = YES;
				GCC_WARN_ABOUT_RETURN_TYPE = YES_ERROR;
				GCC_WARN_UNDECLARED_SELECTOR = YES;
				GCC_WARN_UNINITIALIZED_AUTOS = YES_AGGRESSIVE;
				GCC_WARN_UNUSED_FUNCTION = YES;
				GCC_WARN_UNUSED_VARIABLE = YES;
				IPHONEOS_DEPLOYMENT_TARGET = 13.2;
				MTL_ENABLE_DEBUG_INFO = NO;
				MTL_FAST_MATH = YES;
				SDKROOT = iphoneos;
				SWIFT_COMPILATION_MODE = wholemodule;
				SWIFT_OPTIMIZATION_LEVEL = "-O";
				VALIDATE_PRODUCT = YES;
			};
			name = Release;
		};
		31BC25D223E5D6CC00C971AB /* Debug */ = {
			isa = XCBuildConfiguration;
			buildSettings = {
				ASSETCATALOG_COMPILER_APPICON_NAME = AppIcon;
				CODE_SIGN_STYLE = Automatic;
				DEVELOPMENT_TEAM = G4MM77V7NH;
				FRAMEWORK_SEARCH_PATHS = (
					"$(inherited)",
					"$(PROJECT_DIR)/GetTogether/DaumMap.embeddedframework",
				);
				INFOPLIST_FILE = GetTogether/Info.plist;
				LD_RUNPATH_SEARCH_PATHS = (
					"$(inherited)",
					"@executable_path/Frameworks",
				);
				PRODUCT_BUNDLE_IDENTIFIER = com.didwndckd.Example.GetTogether;
				PRODUCT_NAME = "$(TARGET_NAME)";
				SWIFT_VERSION = 5.0;
				TARGETED_DEVICE_FAMILY = "1,2";
			};
			name = Debug;
		};
		31BC25D323E5D6CC00C971AB /* Release */ = {
			isa = XCBuildConfiguration;
			buildSettings = {
				ASSETCATALOG_COMPILER_APPICON_NAME = AppIcon;
				CODE_SIGN_STYLE = Automatic;
				DEVELOPMENT_TEAM = G4MM77V7NH;
				FRAMEWORK_SEARCH_PATHS = (
					"$(inherited)",
					"$(PROJECT_DIR)/GetTogether/DaumMap.embeddedframework",
				);
				INFOPLIST_FILE = GetTogether/Info.plist;
				LD_RUNPATH_SEARCH_PATHS = (
					"$(inherited)",
					"@executable_path/Frameworks",
				);
				PRODUCT_BUNDLE_IDENTIFIER = com.didwndckd.Example.GetTogether;
				PRODUCT_NAME = "$(TARGET_NAME)";
				SWIFT_VERSION = 5.0;
				TARGETED_DEVICE_FAMILY = "1,2";
			};
			name = Release;
		};
/* End XCBuildConfiguration section */

/* Begin XCConfigurationList section */
		31BC25B823E5D6C900C971AB /* Build configuration list for PBXProject "GetTogether" */ = {
			isa = XCConfigurationList;
			buildConfigurations = (
				31BC25CF23E5D6CC00C971AB /* Debug */,
				31BC25D023E5D6CC00C971AB /* Release */,
			);
			defaultConfigurationIsVisible = 0;
			defaultConfigurationName = Release;
		};
		31BC25D123E5D6CC00C971AB /* Build configuration list for PBXNativeTarget "GetTogether" */ = {
			isa = XCConfigurationList;
			buildConfigurations = (
				31BC25D223E5D6CC00C971AB /* Debug */,
				31BC25D323E5D6CC00C971AB /* Release */,
			);
			defaultConfigurationIsVisible = 0;
			defaultConfigurationName = Release;
		};
/* End XCConfigurationList section */
	};
	rootObject = 31BC25B523E5D6C900C971AB /* Project object */;
}
